
Microsoft Visual Studio Solution File, Format Version 12.00
# Visual Studio Version 17
VisualStudioVersion = 17.3.32811.315
MinimumVisualStudioVersion = 10.0.40219.1
Project("{FAE04EC0-301F-11D3-BF4B-00C04F79EFBC}") = "DB_Member", "DB_Member.csproj", "{BFB6323C-2A4A-404A-B276-93B7B0D5B4F3}"
EndProject
Global
	GlobalSection(SolutionConfigurationPlatforms) = preSolution
		Debug|Any CPU = Debug|Any CPU
		Release|Any CPU = Release|Any CPU
	EndGlobalSection
	GlobalSection(ProjectConfigurationPlatforms) = postSolution
		{BFB6323C-2A4A-404A-B276-93B7B0D5B4F3}.Debug|Any CPU.ActiveCfg = Debug|Any CPU
		{BFB6323C-2A4A-404A-B276-93B7B0D5B4F3}.Debug|Any CPU.Build.0 = Debug|Any CPU
		{BFB6323C-2A4A-404A-B276-93B7B0D5B4F3}.Release|Any CPU.ActiveCfg = Release|Any CPU
		{BFB6323C-2A4A-404A-B276-93B7B0D5B4F3}.Release|Any CPU.Build.0 = Release|Any CPU
	EndGlobalSection
	GlobalSection(SolutionProperties) = preSolution
		HideSolutionNode = FALSE
	EndGlobalSection
	GlobalSection(ExtensibilityGlobals) = postSolution
		SolutionGuid = {6671E93D-204C-470B-BC9A-23CDDF23E709}
	EndGlobalSection
EndGlobal
